<?xml version="1.0" encoding="utf-8"?>
<Project ToolsVersion="4.0" xmlns="http://schemas.microsoft.com/developer/msbuild/2003">
  <ItemGroup>
    <ClCompile Include="src\main.cpp" />
  </ItemGroup>
  <ItemGroup>
    <Filter Include="shader">
      <UniqueIdentifier>{f1f53c2b-dadb-4c2b-9459-d6471ea2b021}</UniqueIdentifier>
    </Filter>
  </ItemGroup>
  <ItemGroup>
    <None Include="src\shaders\shader.frag">
      <Filter>shader</Filter>
    </None>
    <None Include="src\shaders\shader.vert">
      <Filter>shader</Filter>
    </None>
  </ItemGroup>
</Project>